
Microsoft Visual Studio Solution File, Format Version 12.00
# Visual Studio Version 17
VisualStudioVersion = 17.6.33829.357
MinimumVisualStudioVersion = 10.0.40219.1
Project("{FAE04EC0-301F-11D3-BF4B-00C04F79EFBC}") = "SampleProject", "SampleProject\SampleProject.csproj", "{F634BAEA-6814-4C30-9997-820AAA9B95E0}"
EndProject
Global
	GlobalSection(SolutionConfigurationPlatforms) = preSolution
		Debug|Any CPU = Debug|Any CPU
		Release|Any CPU = Release|Any CPU
	EndGlobalSection
	GlobalSection(ProjectConfigurationPlatforms) = postSolution
		{F634BAEA-6814-4C30-9997-820AAA9B95E0}.Debug|Any CPU.ActiveCfg = Debug|Any CPU
		{F634BAEA-6814-4C30-9997-820AAA9B95E0}.Debug|Any CPU.Build.0 = Debug|Any CPU
		{F634BAEA-6814-4C30-9997-820AAA9B95E0}.Release|Any CPU.ActiveCfg = Release|Any CPU
		{F634BAEA-6814-4C30-9997-820AAA9B95E0}.Release|Any CPU.Build.0 = Release|Any CPU
	EndGlobalSection
	GlobalSection(SolutionProperties) = preSolution
		HideSolutionNode = FALSE
	EndGlobalSection
	GlobalSection(ExtensibilityGlobals) = postSolution
		SolutionGuid = {B30974DF-A08A-4F64-A7CB-7E5BDBEC64FC}
	EndGlobalSection
EndGlobal
